{
    "requires": true,
    "lockfileVersion": 1,
    "dependencies": {
        "dayjs": {
            "version": "1.11.5",
            "resolved": "https://registry.npmjs.org/dayjs/-/dayjs-1.11.5.tgz",
            "integrity": "sha512-CAdX5Q3YW3Gclyo5Vpqkgpj8fSdLQcRuzfX6mC6Phy0nfJ0eGYOeS7m4mt2plDWLAtA4TqTakvbboHvUxfe4iA=="
        },
        "simple-datatables": {
            "version": "3.2.2",
            "resolved": "https://registry.npmjs.org/simple-datatables/-/simple-datatables-3.2.2.tgz",
            "integrity": "sha512-h/6qziHj7We7NzKJoP3n2JcUTmuxINygIZPLCibUGqqMZxRCtzJiDuBluCCwmSLo+aLi2qxUg2F3UAlIonsS5Q==",
            "requires": {
                "dayjs": "^1.11.4"
            }
        }
    }
}
